{
	"name": "dicom.js-example",
	"version": "0.0.0",
	"lockfileVersion": 1,
	"requires": true,
	"dependencies": {
		"@babel/helper-plugin-utils": {
			"version": "7.13.0",
			"resolved": "https://registry.npmjs.org/@babel/helper-plugin-utils/-/helper-plugin-utils-7.13.0.tgz",
			"integrity": "sha512-ZPafIPSwzUlAoWT8DKs1W2VyF2gOWthGd5NGFMsBcMMol+ZhK+EQY/e6V96poa6PA/Bh+C9plWN0hXO1uB8AfQ==",
			"dev": true
		},
		"@babel/plugin-syntax-object-rest-spread": {
			"version": "7.8.3",
			"resolved": "https://registry.npmjs.org/@babel/plugin-syntax-object-rest-spread/-/plugin-syntax-object-rest-spread-7.8.3.tgz",
			"integrity": "sha512-XoqMijGZb9y3y2XskN+P1wUGiVwWZ5JmoDRwx5+3GmEplNyVM2s2Dg8ILFQm8rWM48orGy5YpI5Bl8U1y7ydlA==",
			"dev": true,
			"requires": {
				"@babel/helper-plugin-utils": "^7.8.0"
			}
		},
		"cornerstone-core": {
			"version": "2.3.0",
			"resolved": "https://registry.npmjs.org/cornerstone-core/-/cornerstone-core-2.3.0.tgz",
			"integrity": "sha512-1LiCfRIlQvR1j8OhF7/3pvvQvvnTYZUywEkuoEo5K5mMrlKdrQMS75uW1uXb/nXShQDJyyjtTCQSVGgv2yHA+w=="
		},
		"cornerstone-file-image-loader": {
			"version": "0.3.0",
			"resolved": "https://registry.npmjs.org/cornerstone-file-image-loader/-/cornerstone-file-image-loader-0.3.0.tgz",
			"integrity": "sha512-q6Qd1TvXT3JiXQaU9Yy0LsfKZFBlrHCLdzqC82yn+qfrwws/OYXSeTZDUfhpmb4B3T9QSq8YQGDHM1IlgJ14jg==",
			"requires": {
				"serialize-javascript": "^2.1.2"
			}
		},
		"cornerstone-wado-image-loader": {
			"version": "git+ssh://git@github.com/webnamics/cornerstoneWADOImageLoader.git#86629c513474901a39758f179441f64ef830c36e",
			"from": "cornerstone-wado-image-loader@git+https://github.com/webnamics/cornerstoneWADOImageLoader.git",
			"requires": {
				"dicom-parser": "^1.8.3",
				"pako": "^1.0.10"
			}
		},
		"dicom-parser": {
			"version": "1.8.7",
			"resolved": "https://registry.npmjs.org/dicom-parser/-/dicom-parser-1.8.7.tgz",
			"integrity": "sha512-JRh6ciXii1JiDFxd3yUiteNZbOd4Ebmq9HBJlxEJ4Gd1CC5tMIs8zoztK69Ih0UeT96ixbmanb4M2mjaaYT8sg=="
		},
		"dicom.js": {
			"version": "file:..",
			"requires": {
				"pako": "^1.0.10"
			},
			"dependencies": {
				"react": {
					"version": "17.0.1",
					"resolved": "https://registry.npmjs.org/react/-/react-17.0.1.tgz",
					"integrity": "sha512-lG9c9UuMHdcAexXtigOZLX8exLWkW0Ku29qPRU8uhF2R9BN96dLCt0psvzPLlHc5OWkgymP3qwTRgbnw5BKx3w==",
					"requires": {
						"loose-envify": "^1.1.0",
						"object-assign": "^4.1.1"
					}
				},
				"react-dom": {
					"version": "17.0.1",
					"resolved": "https://registry.npmjs.org/react-dom/-/react-dom-17.0.1.tgz",
					"integrity": "sha512-6eV150oJZ9U2t9svnsspTMrWNyHc6chX0KzDeAOXftRa8bNeOKTTfCJ7KorIwenkHd2xqVTBTCZd79yk/lx/Ug==",
					"requires": {
						"loose-envify": "^1.1.0",
						"object-assign": "^4.1.1",
						"scheduler": "^0.20.1"
					}
				},
				"react-scripts": {
					"version": "4.0.3",
					"resolved": "https://registry.npmjs.org/react-scripts/-/react-scripts-4.0.3.tgz",
					"integrity": "sha512-S5eO4vjUzUisvkIPB7jVsKtuH2HhWcASREYWHAQ1FP5HyCv3xgn+wpILAEWkmy+A+tTNbSZClhxjT3qz6g4L1A=="
				}
			}
		},
		"js-tokens": {
			"version": "4.0.0",
			"resolved": "https://registry.npmjs.org/js-tokens/-/js-tokens-4.0.0.tgz",
			"integrity": "sha512-RdJUflcE3cUzKiMqQgsCu06FPu9UdIJO0beYbPhHN4k6apgJtifcoCtT9bcxOpYBtpD2kCM6Sbzg4CausW/PKQ=="
		},
		"loose-envify": {
			"version": "1.4.0",
			"resolved": "https://registry.npmjs.org/loose-envify/-/loose-envify-1.4.0.tgz",
			"integrity": "sha512-lyuxPGr/Wfhrlem2CL/UcnUc1zcqKAImBDzukY7Y5F/yQiNdko6+fRLevlw1HgMySw7f611UIY408EtxRSoK3Q==",
			"requires": {
				"js-tokens": "^3.0.0 || ^4.0.0"
			}
		},
		"object-assign": {
			"version": "4.1.1",
			"resolved": "https://registry.npmjs.org/object-assign/-/object-assign-4.1.1.tgz",
			"integrity": "sha1-IQmtx5ZYh8/AXLvUQsrIv7s2CGM="
		},
		"pako": {
			"version": "1.0.11",
			"resolved": "https://registry.npmjs.org/pako/-/pako-1.0.11.tgz",
			"integrity": "sha512-4hLB8Py4zZce5s4yd9XzopqwVv/yGNhV1Bl8NTmCq1763HeK2+EwVTv+leGeL13Dnh2wfbqowVPXCIO0z4taYw=="
		},
		"react": {
			"version": "17.0.1",
			"resolved": "https://registry.npmjs.org/react/-/react-17.0.1.tgz",
			"integrity": "sha512-lG9c9UuMHdcAexXtigOZLX8exLWkW0Ku29qPRU8uhF2R9BN96dLCt0psvzPLlHc5OWkgymP3qwTRgbnw5BKx3w==",
			"requires": {
				"loose-envify": "^1.1.0",
				"object-assign": "^4.1.1"
			}
		},
		"react-dom": {
			"version": "17.0.1",
			"resolved": "https://registry.npmjs.org/react-dom/-/react-dom-17.0.1.tgz",
			"integrity": "sha512-6eV150oJZ9U2t9svnsspTMrWNyHc6chX0KzDeAOXftRa8bNeOKTTfCJ7KorIwenkHd2xqVTBTCZd79yk/lx/Ug==",
			"requires": {
				"loose-envify": "^1.1.0",
				"object-assign": "^4.1.1",
				"scheduler": "^0.20.1"
			}
		},
		"react-scripts": {
			"version": "file:../node_modules/react-scripts",
			"integrity": "sha512-S5eO4vjUzUisvkIPB7jVsKtuH2HhWcASREYWHAQ1FP5HyCv3xgn+wpILAEWkmy+A+tTNbSZClhxjT3qz6g4L1A=="
		},
		"scheduler": {
			"version": "0.20.1",
			"resolved": "https://registry.npmjs.org/scheduler/-/scheduler-0.20.1.tgz",
			"integrity": "sha512-LKTe+2xNJBNxu/QhHvDR14wUXHRQbVY5ZOYpOGWRzhydZUqrLb2JBvLPY7cAqFmqrWuDED0Mjk7013SZiOz6Bw==",
			"requires": {
				"loose-envify": "^1.1.0",
				"object-assign": "^4.1.1"
			}
		},
		"serialize-javascript": {
			"version": "2.1.2",
			"resolved": "https://registry.npmjs.org/serialize-javascript/-/serialize-javascript-2.1.2.tgz",
			"integrity": "sha512-rs9OggEUF0V4jUSecXazOYsLfu7OGK2qIn3c7IPBiffz32XniEp/TX9Xmc9LQfK2nQ2QKHvZ2oygKUGU0lG4jQ=="
		}
	}
}
